
Microsoft Visual Studio Solution File, Format Version 12.00
# Visual Studio Version 17
VisualStudioVersion = 17.11.35303.130
MinimumVisualStudioVersion = 10.0.40219.1
Project("{FAE04EC0-301F-11D3-BF4B-00C04F79EFBC}") = "CitasM", "CitasM.csproj", "{A6D09828-BDE1-4DB2-A69D-E29AEF4A4AF2}"
EndProject
Global
	GlobalSection(SolutionConfigurationPlatforms) = preSolution
		Debug|Any CPU = Debug|Any CPU
		Release|Any CPU = Release|Any CPU
	EndGlobalSection
	GlobalSection(ProjectConfigurationPlatforms) = postSolution
		{A6D09828-BDE1-4DB2-A69D-E29AEF4A4AF2}.Debug|Any CPU.ActiveCfg = Debug|Any CPU
		{A6D09828-BDE1-4DB2-A69D-E29AEF4A4AF2}.Debug|Any CPU.Build.0 = Debug|Any CPU
		{A6D09828-BDE1-4DB2-A69D-E29AEF4A4AF2}.Release|Any CPU.ActiveCfg = Release|Any CPU
		{A6D09828-BDE1-4DB2-A69D-E29AEF4A4AF2}.Release|Any CPU.Build.0 = Release|Any CPU
	EndGlobalSection
	GlobalSection(SolutionProperties) = preSolution
		HideSolutionNode = FALSE
	EndGlobalSection
	GlobalSection(ExtensibilityGlobals) = postSolution
		SolutionGuid = {71ABE087-3123-4E65-9723-CEA56380648C}
	EndGlobalSection
EndGlobal
